PODS:
  - Alamofire (4.4.0)
  - DribbbleSwift (0.3.1)
  - KeychainSwift (8.0.2)
  - MBProgressHUD (1.0.0)
  - OAuthSwift (1.1.1)
  - SDWebImage (3.8.2):
    - SDWebImage/Core (= 3.8.2)
  - SDWebImage/Core (3.8.2)
  - SwiftyJSON (3.1.4)
  - TextAttributes (1.0)

DEPENDENCIES:
  - Alamofire
  - DribbbleSwift (from `https://github.com/gkye/DribbbleSwift.git`)
  - KeychainSwift (~> 8.0)
  - MBProgressHUD (~> 1.0.0)
  - OAuthSwift (~> 1.1.0)
  - SDWebImage (~> 3.8)
  - SwiftyJSON
  - TextAttributes

EXTERNAL SOURCES:
  DribbbleSwift:
    :git: https://github.com/gkye/DribbbleSwift.git

CHECKOUT OPTIONS:
  DribbbleSwift:
    :commit: ce3a8b2d43147270a478b89b67055162ea9dd40b
    :git: https://github.com/gkye/DribbbleSwift.git

SPEC CHECKSUMS:
  Alamofire: dc44b1600b800eb63da6a19039a0083d62a6a62d
  DribbbleSwift: 9aab6461dc20546bd1add706ff687286f9ebe204
  KeychainSwift: 213db04dfe7244988e61f77c72a2afb2f775954a
  MBProgressHUD: 4890f671c94e8a0f3cf959aa731e9de2f036d71a
  OAuthSwift: 6e3a103b3e5639411769cc7e199ec7e14bd1547f
  SDWebImage: 098e97e6176540799c27e804c96653ee0833d13c
  SwiftyJSON: c2842d878f95482ffceec5709abc3d05680c0220
  TextAttributes: 45b2713a1d174c377d320b51129c304eac381638

PODFILE CHECKSUM: c17064e967cda15b4b5382a61cbb3e39dce01358

COCOAPODS: 1.2.1
